
Microsoft Visual Studio Solution File, Format Version 12.00
# Visual Studio Version 17
VisualStudioVersion = 17.7.34024.191
MinimumVisualStudioVersion = 10.0.40219.1
Project("{FAE04EC0-301F-11D3-BF4B-00C04F79EFBC}") = "AdventOfCode", "AdventOfCode.csproj", "{DBAAC2A3-3B94-4AFA-87AE-6F8471FD7EEB}"
EndProject
Global
	GlobalSection(SolutionConfigurationPlatforms) = preSolution
		Debug|Any CPU = Debug|Any CPU
		Release|Any CPU = Release|Any CPU
	EndGlobalSection
	GlobalSection(ProjectConfigurationPlatforms) = postSolution
		{DBAAC2A3-3B94-4AFA-87AE-6F8471FD7EEB}.Debug|Any CPU.ActiveCfg = Debug|Any CPU
		{DBAAC2A3-3B94-4AFA-87AE-6F8471FD7EEB}.Debug|Any CPU.Build.0 = Debug|Any CPU
		{DBAAC2A3-3B94-4AFA-87AE-6F8471FD7EEB}.Release|Any CPU.ActiveCfg = Release|Any CPU
		{DBAAC2A3-3B94-4AFA-87AE-6F8471FD7EEB}.Release|Any CPU.Build.0 = Release|Any CPU
	EndGlobalSection
	GlobalSection(SolutionProperties) = preSolution
		HideSolutionNode = FALSE
	EndGlobalSection
	GlobalSection(ExtensibilityGlobals) = postSolution
		SolutionGuid = {24793852-67BC-4212-98E2-14AF1ED060AB}
	EndGlobalSection
EndGlobal
